
Microsoft Visual Studio Solution File, Format Version 12.00
# Visual Studio Version 17
VisualStudioVersion = 17.13.35507.96
MinimumVisualStudioVersion = 10.0.40219.1
Project("{FAE04EC0-301F-11D3-BF4B-00C04F79EFBC}") = "Waves.Core", "Waves.Core\Waves.Core.csproj", "{819743BA-3704-444B-8EFF-EB4444B62EDA}"
EndProject
Project("{FAE04EC0-301F-11D3-BF4B-00C04F79EFBC}") = "Project.Test", "Project.Test\Project.Test.csproj", "{9AB298B7-46BB-45BD-B4BA-911A47523CDD}"
EndProject
Project("{2150E333-8FDC-42A3-9474-1A3956D46DE8}") = "Extensions", "Extensions", "{02EA681E-C7D8-13C7-8484-4AC65E1B71E8}"
EndProject
Project("{FAE04EC0-301F-11D3-BF4B-00C04F79EFBC}") = "Waves.Api", "Waves.Api\Waves.Api.csproj", "{6CA926B2-5543-4728-A7F4-88697A732BD7}"
EndProject
Project("{FAE04EC0-301F-11D3-BF4B-00C04F79EFBC}") = "WutheringWavesTool", "WutheringWavesTool\WutheringWavesTool.csproj", "{71DBE567-AC20-4713-B6B5-FEC302B87B3A}"
EndProject
Global
	GlobalSection(SolutionConfigurationPlatforms) = preSolution
		Debug|Any CPU = Debug|Any CPU
		Release|Any CPU = Release|Any CPU
	EndGlobalSection
	GlobalSection(ProjectConfigurationPlatforms) = postSolution
		{819743BA-3704-444B-8EFF-EB4444B62EDA}.Debug|Any CPU.ActiveCfg = Debug|Any CPU
		{819743BA-3704-444B-8EFF-EB4444B62EDA}.Debug|Any CPU.Build.0 = Debug|Any CPU
		{819743BA-3704-444B-8EFF-EB4444B62EDA}.Release|Any CPU.ActiveCfg = Release|Any CPU
		{819743BA-3704-444B-8EFF-EB4444B62EDA}.Release|Any CPU.Build.0 = Release|Any CPU
		{9AB298B7-46BB-45BD-B4BA-911A47523CDD}.Debug|Any CPU.ActiveCfg = Debug|Any CPU
		{9AB298B7-46BB-45BD-B4BA-911A47523CDD}.Debug|Any CPU.Build.0 = Debug|Any CPU
		{9AB298B7-46BB-45BD-B4BA-911A47523CDD}.Release|Any CPU.ActiveCfg = Release|Any CPU
		{9AB298B7-46BB-45BD-B4BA-911A47523CDD}.Release|Any CPU.Build.0 = Release|Any CPU
		{6CA926B2-5543-4728-A7F4-88697A732BD7}.Debug|Any CPU.ActiveCfg = Debug|Any CPU
		{6CA926B2-5543-4728-A7F4-88697A732BD7}.Debug|Any CPU.Build.0 = Debug|Any CPU
		{6CA926B2-5543-4728-A7F4-88697A732BD7}.Release|Any CPU.ActiveCfg = Release|Any CPU
		{6CA926B2-5543-4728-A7F4-88697A732BD7}.Release|Any CPU.Build.0 = Release|Any CPU
		{71DBE567-AC20-4713-B6B5-FEC302B87B3A}.Debug|Any CPU.ActiveCfg = Debug|x64
		{71DBE567-AC20-4713-B6B5-FEC302B87B3A}.Debug|Any CPU.Build.0 = Debug|x64
		{71DBE567-AC20-4713-B6B5-FEC302B87B3A}.Debug|Any CPU.Deploy.0 = Debug|x64
		{71DBE567-AC20-4713-B6B5-FEC302B87B3A}.Release|Any CPU.ActiveCfg = Release|x64
		{71DBE567-AC20-4713-B6B5-FEC302B87B3A}.Release|Any CPU.Build.0 = Release|x64
		{71DBE567-AC20-4713-B6B5-FEC302B87B3A}.Release|Any CPU.Deploy.0 = Release|x64
	EndGlobalSection
	GlobalSection(SolutionProperties) = preSolution
		HideSolutionNode = FALSE
	EndGlobalSection
	GlobalSection(NestedProjects) = preSolution
		{6CA926B2-5543-4728-A7F4-88697A732BD7} = {02EA681E-C7D8-13C7-8484-4AC65E1B71E8}
	EndGlobalSection
	GlobalSection(ExtensibilityGlobals) = postSolution
		SolutionGuid = {6B51D1BF-69B7-4B5F-9EA6-4C828C3B72B3}
	EndGlobalSection
EndGlobal
